
Microsoft Visual Studio Solution File, Format Version 12.00
# Visual Studio 15
VisualStudioVersion = 15.0.28307.421
MinimumVisualStudioVersion = 10.0.40219.1
Project("{FAE04EC0-301F-11D3-BF4B-00C04F79EFBC}") = "UnitedRemoteShopChallenge.Data", "UnitedRemoteShopChallenge.Data\UnitedRemoteShopChallenge.Data.csproj", "{CC71EFCE-E7F6-4033-9DEB-423F7D01C06A}"
EndProject
Project("{FAE04EC0-301F-11D3-BF4B-00C04F79EFBC}") = "UnitedRemoteShopChallenge.API", "UnitedRemoteShopChallenge.API\UnitedRemoteShopChallenge.API.csproj", "{4F4E0038-5987-486F-AD21-7A45524DAB50}"
EndProject
Global
	GlobalSection(SolutionConfigurationPlatforms) = preSolution
		Debug|Any CPU = Debug|Any CPU
		Release|Any CPU = Release|Any CPU
	EndGlobalSection
	GlobalSection(ProjectConfigurationPlatforms) = postSolution
		{CC71EFCE-E7F6-4033-9DEB-423F7D01C06A}.Debug|Any CPU.ActiveCfg = Debug|Any CPU
		{CC71EFCE-E7F6-4033-9DEB-423F7D01C06A}.Debug|Any CPU.Build.0 = Debug|Any CPU
		{CC71EFCE-E7F6-4033-9DEB-423F7D01C06A}.Release|Any CPU.ActiveCfg = Release|Any CPU
		{CC71EFCE-E7F6-4033-9DEB-423F7D01C06A}.Release|Any CPU.Build.0 = Release|Any CPU
		{4F4E0038-5987-486F-AD21-7A45524DAB50}.Debug|Any CPU.ActiveCfg = Debug|Any CPU
		{4F4E0038-5987-486F-AD21-7A45524DAB50}.Debug|Any CPU.Build.0 = Debug|Any CPU
		{4F4E0038-5987-486F-AD21-7A45524DAB50}.Release|Any CPU.ActiveCfg = Release|Any CPU
		{4F4E0038-5987-486F-AD21-7A45524DAB50}.Release|Any CPU.Build.0 = Release|Any CPU
	EndGlobalSection
	GlobalSection(SolutionProperties) = preSolution
		HideSolutionNode = FALSE
	EndGlobalSection
	GlobalSection(ExtensibilityGlobals) = postSolution
		SolutionGuid = {9D850DC7-8CDC-48FA-9E09-8DDD3A4EE6C7}
	EndGlobalSection
EndGlobal
